
Microsoft Visual Studio Solution File, Format Version 12.00
# Visual Studio Version 17
VisualStudioVersion = 17.8.34330.188
MinimumVisualStudioVersion = 10.0.40219.1
Project("{9A19103F-16F7-4668-BE54-9A1E7A4F7556}") = "Cultura-Test", "Cultura\Cultura-Test.csproj", "{A334A76D-C439-4134-85C6-9BFE6A86F82F}"
EndProject
Project("{9A19103F-16F7-4668-BE54-9A1E7A4F7556}") = "DataAccess", "DataAccess\DataAccess.csproj", "{950F202C-5593-4731-B47A-7855A98AF901}"
EndProject
Project("{9A19103F-16F7-4668-BE54-9A1E7A4F7556}") = "Domain", "Domain\Domain.csproj", "{581F5766-281B-4228-B737-2E8552C45647}"
EndProject
Project("{9A19103F-16F7-4668-BE54-9A1E7A4F7556}") = "BusinessLogic", "BusinessLogic\BusinessLogic.csproj", "{687D3599-9484-40C8-A363-612D063098D7}"
EndProject
Project("{2150E333-8FDC-42A3-9474-1A3956D46DE8}") = "Новая папка1", "Новая папка1", "{D4E517C3-DA5D-4002-A712-C9443A06E3A2}"
EndProject
Global
	GlobalSection(SolutionConfigurationPlatforms) = preSolution
		Debug|Any CPU = Debug|Any CPU
		Release|Any CPU = Release|Any CPU
	EndGlobalSection
	GlobalSection(ProjectConfigurationPlatforms) = postSolution
		{A334A76D-C439-4134-85C6-9BFE6A86F82F}.Debug|Any CPU.ActiveCfg = Debug|Any CPU
		{A334A76D-C439-4134-85C6-9BFE6A86F82F}.Debug|Any CPU.Build.0 = Debug|Any CPU
		{A334A76D-C439-4134-85C6-9BFE6A86F82F}.Release|Any CPU.ActiveCfg = Release|Any CPU
		{A334A76D-C439-4134-85C6-9BFE6A86F82F}.Release|Any CPU.Build.0 = Release|Any CPU
		{950F202C-5593-4731-B47A-7855A98AF901}.Debug|Any CPU.ActiveCfg = Debug|Any CPU
		{950F202C-5593-4731-B47A-7855A98AF901}.Debug|Any CPU.Build.0 = Debug|Any CPU
		{950F202C-5593-4731-B47A-7855A98AF901}.Release|Any CPU.ActiveCfg = Release|Any CPU
		{950F202C-5593-4731-B47A-7855A98AF901}.Release|Any CPU.Build.0 = Release|Any CPU
		{581F5766-281B-4228-B737-2E8552C45647}.Debug|Any CPU.ActiveCfg = Debug|Any CPU
		{581F5766-281B-4228-B737-2E8552C45647}.Debug|Any CPU.Build.0 = Debug|Any CPU
		{581F5766-281B-4228-B737-2E8552C45647}.Release|Any CPU.ActiveCfg = Release|Any CPU
		{581F5766-281B-4228-B737-2E8552C45647}.Release|Any CPU.Build.0 = Release|Any CPU
		{687D3599-9484-40C8-A363-612D063098D7}.Debug|Any CPU.ActiveCfg = Debug|Any CPU
		{687D3599-9484-40C8-A363-612D063098D7}.Debug|Any CPU.Build.0 = Debug|Any CPU
		{687D3599-9484-40C8-A363-612D063098D7}.Release|Any CPU.ActiveCfg = Release|Any CPU
		{687D3599-9484-40C8-A363-612D063098D7}.Release|Any CPU.Build.0 = Release|Any CPU
	EndGlobalSection
	GlobalSection(SolutionProperties) = preSolution
		HideSolutionNode = FALSE
	EndGlobalSection
	GlobalSection(ExtensibilityGlobals) = postSolution
		SolutionGuid = {1C3A82FD-B6CE-42EF-987D-0372FF8D1130}
	EndGlobalSection
EndGlobal
